
Microsoft Visual Studio Solution File, Format Version 12.00
# Visual Studio Version 17
VisualStudioVersion = 17.4.33213.308
MinimumVisualStudioVersion = 10.0.40219.1
Project("{FAE04EC0-301F-11D3-BF4B-00C04F79EFBC}") = "Programa01_02", "Programa01_02\Programa01_02.csproj", "{00AB5455-9AE0-46A3-A2F0-9978D4B5E016}"
EndProject
Project("{FAE04EC0-301F-11D3-BF4B-00C04F79EFBC}") = "Programa01_02_02", "Programa01_02_02\Programa01_02_02.csproj", "{1C385ECD-9578-43ED-AF39-15FA386BB6C0}"
EndProject
Project("{FAE04EC0-301F-11D3-BF4B-00C04F79EFBC}") = "Programa01_02_02_01", "Programa01_02_02_01\Programa01_02_02_01.csproj", "{35541D9D-FD98-4013-8315-5065888DD9F4}"
EndProject
Project("{FAE04EC0-301F-11D3-BF4B-00C04F79EFBC}") = "Programa01_03", "Programa01_03\Programa01_03.csproj", "{0FDB5B0D-DDE0-48C6-B195-3A7DCD2564C6}"
EndProject
Project("{FAE04EC0-301F-11D3-BF4B-00C04F79EFBC}") = "Programa01_03_01", "Programa01_03_01\Programa01_03_01.csproj", "{5560E240-91ED-4D6C-A5BE-BCDE63C78C77}"
EndProject
Project("{FAE04EC0-301F-11D3-BF4B-00C04F79EFBC}") = "Programa01_04", "Programa01_04\Programa01_04.csproj", "{DA8EFC6D-EE31-4089-BA01-D297A94E101E}"
EndProject
Project("{FAE04EC0-301F-11D3-BF4B-00C04F79EFBC}") = "Programa01_05", "Programa01_05\Programa01_05.csproj", "{1148FE70-31B9-4054-886D-B4A213DFFD14}"
EndProject
Project("{FAE04EC0-301F-11D3-BF4B-00C04F79EFBC}") = "Programa01_05_01", "Programa01_05_01\Programa01_05_01.csproj", "{998BC5ED-066E-4380-9619-0F14B5EAA9A6}"
EndProject
Project("{FAE04EC0-301F-11D3-BF4B-00C04F79EFBC}") = "Programa01_06", "Programa01_06\Programa01_06.csproj", "{1B8211A6-B847-433A-AC6A-464440A33548}"
EndProject
Project("{FAE04EC0-301F-11D3-BF4B-00C04F79EFBC}") = "Programa01_07", "Programa01_07\Programa01_07.csproj", "{7C76FA10-34DA-4768-A86C-505E73CFF065}"
EndProject
Project("{FAE04EC0-301F-11D3-BF4B-00C04F79EFBC}") = "Practica_01", "Practica_01\Practica_01.csproj", "{FC08846C-5852-4009-87AD-BCFECB55CA32}"
EndProject
Project("{FAE04EC0-301F-11D3-BF4B-00C04F79EFBC}") = "Programa01_09", "Programa01_09\Programa01_09.csproj", "{AA150D73-C8C2-41BE-96D3-4ADAC78129AD}"
EndProject
Project("{FAE04EC0-301F-11D3-BF4B-00C04F79EFBC}") = "Programa01_10", "Programa01_10\Programa01_10.csproj", "{4AFCC860-EA6A-40D0-AD53-74B1F1726613}"
EndProject
Global
	GlobalSection(SolutionConfigurationPlatforms) = preSolution
		Debug|Any CPU = Debug|Any CPU
		Release|Any CPU = Release|Any CPU
	EndGlobalSection
	GlobalSection(ProjectConfigurationPlatforms) = postSolution
		{00AB5455-9AE0-46A3-A2F0-9978D4B5E016}.Debug|Any CPU.ActiveCfg = Debug|Any CPU
		{00AB5455-9AE0-46A3-A2F0-9978D4B5E016}.Debug|Any CPU.Build.0 = Debug|Any CPU
		{00AB5455-9AE0-46A3-A2F0-9978D4B5E016}.Release|Any CPU.ActiveCfg = Release|Any CPU
		{00AB5455-9AE0-46A3-A2F0-9978D4B5E016}.Release|Any CPU.Build.0 = Release|Any CPU
		{1C385ECD-9578-43ED-AF39-15FA386BB6C0}.Debug|Any CPU.ActiveCfg = Debug|Any CPU
		{1C385ECD-9578-43ED-AF39-15FA386BB6C0}.Debug|Any CPU.Build.0 = Debug|Any CPU
		{1C385ECD-9578-43ED-AF39-15FA386BB6C0}.Release|Any CPU.ActiveCfg = Release|Any CPU
		{1C385ECD-9578-43ED-AF39-15FA386BB6C0}.Release|Any CPU.Build.0 = Release|Any CPU
		{35541D9D-FD98-4013-8315-5065888DD9F4}.Debug|Any CPU.ActiveCfg = Debug|Any CPU
		{35541D9D-FD98-4013-8315-5065888DD9F4}.Debug|Any CPU.Build.0 = Debug|Any CPU
		{35541D9D-FD98-4013-8315-5065888DD9F4}.Release|Any CPU.ActiveCfg = Release|Any CPU
		{35541D9D-FD98-4013-8315-5065888DD9F4}.Release|Any CPU.Build.0 = Release|Any CPU
		{0FDB5B0D-DDE0-48C6-B195-3A7DCD2564C6}.Debug|Any CPU.ActiveCfg = Debug|Any CPU
		{0FDB5B0D-DDE0-48C6-B195-3A7DCD2564C6}.Debug|Any CPU.Build.0 = Debug|Any CPU
		{0FDB5B0D-DDE0-48C6-B195-3A7DCD2564C6}.Release|Any CPU.ActiveCfg = Release|Any CPU
		{0FDB5B0D-DDE0-48C6-B195-3A7DCD2564C6}.Release|Any CPU.Build.0 = Release|Any CPU
		{5560E240-91ED-4D6C-A5BE-BCDE63C78C77}.Debug|Any CPU.ActiveCfg = Debug|Any CPU
		{5560E240-91ED-4D6C-A5BE-BCDE63C78C77}.Debug|Any CPU.Build.0 = Debug|Any CPU
		{5560E240-91ED-4D6C-A5BE-BCDE63C78C77}.Release|Any CPU.ActiveCfg = Release|Any CPU
		{5560E240-91ED-4D6C-A5BE-BCDE63C78C77}.Release|Any CPU.Build.0 = Release|Any CPU
		{DA8EFC6D-EE31-4089-BA01-D297A94E101E}.Debug|Any CPU.ActiveCfg = Debug|Any CPU
		{DA8EFC6D-EE31-4089-BA01-D297A94E101E}.Debug|Any CPU.Build.0 = Debug|Any CPU
		{DA8EFC6D-EE31-4089-BA01-D297A94E101E}.Release|Any CPU.ActiveCfg = Release|Any CPU
		{DA8EFC6D-EE31-4089-BA01-D297A94E101E}.Release|Any CPU.Build.0 = Release|Any CPU
		{1148FE70-31B9-4054-886D-B4A213DFFD14}.Debug|Any CPU.ActiveCfg = Debug|Any CPU
		{1148FE70-31B9-4054-886D-B4A213DFFD14}.Debug|Any CPU.Build.0 = Debug|Any CPU
		{1148FE70-31B9-4054-886D-B4A213DFFD14}.Release|Any CPU.ActiveCfg = Release|Any CPU
		{1148FE70-31B9-4054-886D-B4A213DFFD14}.Release|Any CPU.Build.0 = Release|Any CPU
		{998BC5ED-066E-4380-9619-0F14B5EAA9A6}.Debug|Any CPU.ActiveCfg = Debug|Any CPU
		{998BC5ED-066E-4380-9619-0F14B5EAA9A6}.Debug|Any CPU.Build.0 = Debug|Any CPU
		{998BC5ED-066E-4380-9619-0F14B5EAA9A6}.Release|Any CPU.ActiveCfg = Release|Any CPU
		{998BC5ED-066E-4380-9619-0F14B5EAA9A6}.Release|Any CPU.Build.0 = Release|Any CPU
		{1B8211A6-B847-433A-AC6A-464440A33548}.Debug|Any CPU.ActiveCfg = Debug|Any CPU
		{1B8211A6-B847-433A-AC6A-464440A33548}.Debug|Any CPU.Build.0 = Debug|Any CPU
		{1B8211A6-B847-433A-AC6A-464440A33548}.Release|Any CPU.ActiveCfg = Release|Any CPU
		{1B8211A6-B847-433A-AC6A-464440A33548}.Release|Any CPU.Build.0 = Release|Any CPU
		{7C76FA10-34DA-4768-A86C-505E73CFF065}.Debug|Any CPU.ActiveCfg = Debug|Any CPU
		{7C76FA10-34DA-4768-A86C-505E73CFF065}.Debug|Any CPU.Build.0 = Debug|Any CPU
		{7C76FA10-34DA-4768-A86C-505E73CFF065}.Release|Any CPU.ActiveCfg = Release|Any CPU
		{7C76FA10-34DA-4768-A86C-505E73CFF065}.Release|Any CPU.Build.0 = Release|Any CPU
		{FC08846C-5852-4009-87AD-BCFECB55CA32}.Debug|Any CPU.ActiveCfg = Debug|Any CPU
		{FC08846C-5852-4009-87AD-BCFECB55CA32}.Debug|Any CPU.Build.0 = Debug|Any CPU
		{FC08846C-5852-4009-87AD-BCFECB55CA32}.Release|Any CPU.ActiveCfg = Release|Any CPU
		{FC08846C-5852-4009-87AD-BCFECB55CA32}.Release|Any CPU.Build.0 = Release|Any CPU
		{AA150D73-C8C2-41BE-96D3-4ADAC78129AD}.Debug|Any CPU.ActiveCfg = Debug|Any CPU
		{AA150D73-C8C2-41BE-96D3-4ADAC78129AD}.Debug|Any CPU.Build.0 = Debug|Any CPU
		{AA150D73-C8C2-41BE-96D3-4ADAC78129AD}.Release|Any CPU.ActiveCfg = Release|Any CPU
		{AA150D73-C8C2-41BE-96D3-4ADAC78129AD}.Release|Any CPU.Build.0 = Release|Any CPU
		{4AFCC860-EA6A-40D0-AD53-74B1F1726613}.Debug|Any CPU.ActiveCfg = Debug|Any CPU
		{4AFCC860-EA6A-40D0-AD53-74B1F1726613}.Debug|Any CPU.Build.0 = Debug|Any CPU
		{4AFCC860-EA6A-40D0-AD53-74B1F1726613}.Release|Any CPU.ActiveCfg = Release|Any CPU
		{4AFCC860-EA6A-40D0-AD53-74B1F1726613}.Release|Any CPU.Build.0 = Release|Any CPU
	EndGlobalSection
	GlobalSection(SolutionProperties) = preSolution
		HideSolutionNode = FALSE
	EndGlobalSection
	GlobalSection(ExtensibilityGlobals) = postSolution
		SolutionGuid = {D418B9C1-73A6-4F7A-93C1-AD7EEC771460}
	EndGlobalSection
EndGlobal
